# THIS IS AN AUTOGENERATED FILE. DO NOT EDIT THIS FILE DIRECTLY.
# yarn lockfile v1


"@liff/add-to-home-screen@2.21.4":
  version "2.21.4"
  resolved "https://registry.yarnpkg.com/@liff/add-to-home-screen/-/add-to-home-screen-2.21.4.tgz#de300e3426f057945761ee8285626ac9eb3d9be0"
  integrity sha512-F/ib3t9nywxGU1FpqJGm1QEk2ggrNwN1HRrIy+u1CAU8cFCbofq1WLPWpOWMBT/YZ9RN7m1UpW6m/OvkV4TYdQ==
  dependencies:
    "@liff/check-availability" "2.21.4"
    "@liff/consts" "2.21.4"
    "@liff/is-in-client" "2.21.4"
    "@liff/is-sub-window" "2.21.4"
    "@liff/native-bridge" "2.21.4"
    "@liff/open-window" "2.21.4"
    "@liff/util" "2.21.4"

"@liff/analytics@2.21.4":
  version "2.21.4"
  resolved "https://registry.yarnpkg.com/@liff/analytics/-/analytics-2.21.4.tgz#e44ccb2fbda788450a2a1bdacb657dc68a9acae2"
  integrity sha512-p98gbFPNSoyMtDrEC7uqAQJVfxLtMAyc+B9lQfM8yIsNABzc8AvMma4ADmih3sjdYde+is2xdz/sd8r5ompEZw==
  dependencies:
    "@liff/consts" "2.21.4"
    "@liff/get-profile" "2.21.4"
    "@liff/get-version" "2.21.4"
    "@liff/is-logged-in" "2.21.4"
    "@liff/logger" "2.21.4"
    "@liff/store" "2.21.4"
    "@liff/types" "2.21.4"
    "@liff/use" "2.21.4"
    "@liff/util" "2.21.4"

"@liff/check-availability@2.21.4":
  version "2.21.4"
  resolved "https://registry.yarnpkg.com/@liff/check-availability/-/check-availability-2.21.4.tgz#4400ababd8de9ab91108cf5304985b424059a7aa"
  integrity sha512-3jwqKi7nuL4QoOCRwc7Aqqx4JR0zo4zfDwOjQ19VQtRBvNXrX2WP3fr6/9310IbxMRXZGAhalpiGK1csSBPYOA==
  dependencies:
    "@liff/get-version" "2.21.4"
    "@liff/is-api-available" "2.21.4"
    "@liff/util" "2.21.4"

"@liff/close-window@2.21.4":
  version "2.21.4"
  resolved "https://registry.yarnpkg.com/@liff/close-window/-/close-window-2.21.4.tgz#631cdd8eeaae6132ca0b3708d29f8fd01bb71177"
  integrity sha512-/RaOvloq9i6fYNyPvVs+9Gj0q/q66WL33AHPGKQk3xaSGP33nXrvaUOYiWbdQcs2qhyGoWs+/5DSDpV3YohItQ==
  dependencies:
    "@liff/get-line-version" "2.21.4"
    "@liff/get-os" "2.21.4"
    "@liff/native-bridge" "2.21.4"
    "@liff/util" "2.21.4"

"@liff/consts@2.21.4":
  version "2.21.4"
  resolved "https://registry.yarnpkg.com/@liff/consts/-/consts-2.21.4.tgz#61ed98c8ce9417ea122324433b65c604c6176d3b"
  integrity sha512-8KEF8f2Wt2Eju1njmSZMWZCNY0mqxqPpDz5WWsPNp4oW6wieRRoly+TVWk0zGzjmAeChD7Ow4QtzufAiAZidbA==

"@liff/extensions@2.21.4":
  version "2.21.4"
  resolved "https://registry.yarnpkg.com/@liff/extensions/-/extensions-2.21.4.tgz#0f9fc78f33c5f63ece0d77b8dd5fea6e32a24909"
  integrity sha512-NdE7V9mzNgl3pjh+Nh7ZZBWUFB+D5apVKxfqi4+tGw6kV4mmrer7eSDS5qDuWljh+Q+OxaUzsB2l+QSmSvz8xw==
  dependencies:
    "@liff/add-to-home-screen" "2.21.4"
    "@liff/check-availability" "2.21.4"
    "@liff/consts" "2.21.4"
    "@liff/get-advertising-id" "2.21.4"
    "@liff/get-line-version" "2.21.4"
    "@liff/get-os" "2.21.4"
    "@liff/logger" "2.21.4"
    "@liff/scan-code" "2.21.4"
    "@liff/store" "2.21.4"
    "@liff/util" "2.21.4"

"@liff/get-advertising-id@2.21.4":
  version "2.21.4"
  resolved "https://registry.yarnpkg.com/@liff/get-advertising-id/-/get-advertising-id-2.21.4.tgz#aafa2d5922314e6ed878f338ec3aa76d04763bb8"
  integrity sha512-L6AIESrHOGbhBl6q6IfWd/yfjKUgAV8isubZ6IyTbR33rNjcs4hz7oiza495lKEIdyh9JPuNALqO0XN76eRxuQ==
  dependencies:
    "@liff/check-availability" "2.21.4"
    "@liff/consts" "2.21.4"
    "@liff/native-bridge" "2.21.4"
    "@liff/util" "2.21.4"

"@liff/get-friendship@2.21.4":
  version "2.21.4"
  resolved "https://registry.yarnpkg.com/@liff/get-friendship/-/get-friendship-2.21.4.tgz#01ca88dc00b2224ae60afa199270389d3cf1a1d6"
  integrity sha512-7p3xhFj/wlBF7RKd1oPS5mD3Py2eHCcKR5dSW9xA3trZUtNVfUe9IwXQLqkerNgORWlTFdfTmsL7JGfJfCmr5w==
  dependencies:
    "@liff/server-api" "2.21.4"

"@liff/get-language@2.21.4":
  version "2.21.4"
  resolved "https://registry.yarnpkg.com/@liff/get-language/-/get-language-2.21.4.tgz#19146e8513ccfdcb277651fba39f55c189f1229b"
  integrity sha512-0F662z4OummEOPnA3SmNO7dq/U22AE2mG+l/rSGhcAQ/GqhCxzx5def4BPhJHTwDs3E2QbnvK1bpJU7+hzTadA==

"@liff/get-line-version@2.21.4":
  version "2.21.4"
  resolved "https://registry.yarnpkg.com/@liff/get-line-version/-/get-line-version-2.21.4.tgz#5eae47ed4d0c766f64445467cf0108abacfd6c01"
  integrity sha512-KFMHTsyoLyTKO729y4znVG+lpoe/SfXX11sc7E2eHsKQuxWZrsN/Ygmgf2mBoDi6jxyPkqH4e7Wksu01DW6JFg==

"@liff/get-os@2.21.4":
  version "2.21.4"
  resolved "https://registry.yarnpkg.com/@liff/get-os/-/get-os-2.21.4.tgz#87f6f55b330e9ca5904955617ad7f5f3877231c1"
  integrity sha512-vAutReY4WTphVF0iIe9wL62Svw8Noymrd6+7NkeAbflitEEdAQarqTKjxvACU/vBNngbLhxhKSQK3WNzySfiYg==

"@liff/get-profile@2.21.4":
  version "2.21.4"
  resolved "https://registry.yarnpkg.com/@liff/get-profile/-/get-profile-2.21.4.tgz#ce271b2135ab6e6089b8c9ff5f7a4ece96b76839"
  integrity sha512-3J5L2BwCJZQ16mxG40TYMokQ1xlKQPL8y9ODQtokR/fSsojLZouPaPzJpw0SrMM0tBt2ljCkJxynkHrRFTeydg==
  dependencies:
    "@liff/server-api" "2.21.4"

"@liff/get-version@2.21.4":
  version "2.21.4"
  resolved "https://registry.yarnpkg.com/@liff/get-version/-/get-version-2.21.4.tgz#beecc66dbe4805c50f57080b15c1ea6c163286b4"
  integrity sha512-UrJijRiNybDVG8rReY/FgLB8Hx/ggBms5TwWmD3MbOvdsx1HlILAJrOsezJ+LdOtbRu7OzqtuBlmmxuTXIav+A==

"@liff/hooks@2.21.4":
  version "2.21.4"
  resolved "https://registry.yarnpkg.com/@liff/hooks/-/hooks-2.21.4.tgz#52dd3650555a351386370e941fd5bbbd9ed6f0dd"
  integrity sha512-XjT81otX3jCQ0ZEahjTaZpzcVEoxrm3+bxXqbRmMHwZhmwPswQan2ITPZ4tvTiXNWtOk5Nhd19vXub/XWWvoXQ==

"@liff/i18n@2.21.4":
  version "2.21.4"
  resolved "https://registry.yarnpkg.com/@liff/i18n/-/i18n-2.21.4.tgz#4ff42ecead665f8042354de8ca49b3f2c65e249e"
  integrity sha512-L4XqzsTetvqrCcgYPFcKnRiZRdr+I4BLbuLwd8M+yhd/6ieRpc6/aFLb5hDn8lh9UPbn5lRdczexIN1vSWfQ/g==
  dependencies:
    "@liff/consts" "2.21.4"
    "@liff/server-api" "2.21.4"
    "@liff/use" "2.21.4"
    "@liff/util" "2.21.4"

"@liff/init@2.21.4":
  version "2.21.4"
  resolved "https://registry.yarnpkg.com/@liff/init/-/init-2.21.4.tgz#a5adc64b4a91b3ece791b43b04a8382f51c10ca1"
  integrity sha512-xuFTY9rDUBkbheVqRWCeKMQz2pM9oBwC/zLSN3oaQla65GuSU2ASxOcH9kYt77IGDccK6Pl7SNsdG6HJNmyVtg==
  dependencies:
    "@liff/close-window" "2.21.4"
    "@liff/consts" "2.21.4"
    "@liff/extensions" "2.21.4"
    "@liff/get-line-version" "2.21.4"
    "@liff/get-os" "2.21.4"
    "@liff/hooks" "2.21.4"
    "@liff/i18n" "2.21.4"
    "@liff/is-api-available" "2.21.4"
    "@liff/is-in-client" "2.21.4"
    "@liff/is-logged-in" "2.21.4"
    "@liff/is-sub-window" "2.21.4"
    "@liff/logger" "2.21.4"
    "@liff/login" "2.21.4"
    "@liff/logout" "2.21.4"
    "@liff/message-bus" "2.21.4"
    "@liff/native-bridge" "2.21.4"
    "@liff/ready" "2.21.4"
    "@liff/server-api" "2.21.4"
    "@liff/store" "2.21.4"
    "@liff/sub-window" "2.21.4"
    "@liff/types" "2.21.4"
    "@liff/use" "2.21.4"
    "@liff/util" "2.21.4"

"@liff/is-api-available@2.21.4":
  version "2.21.4"
  resolved "https://registry.yarnpkg.com/@liff/is-api-available/-/is-api-available-2.21.4.tgz#76b4dc082a0e47bd53a31840da87cca6ffa31aef"
  integrity sha512-4OMPBNbKehdqlIq5hy1kqp2cDGYCqTWe7lNQhUf3LUmq0QnYyF+i2LaOQIR4mCEvQN/VI+5CJrGHzfq0hyBcpA==
  dependencies:
    "@liff/consts" "2.21.4"
    "@liff/get-line-version" "2.21.4"
    "@liff/is-in-client" "2.21.4"
    "@liff/is-logged-in" "2.21.4"
    "@liff/store" "2.21.4"
    "@liff/util" "2.21.4"

"@liff/is-in-client@2.21.4":
  version "2.21.4"
  resolved "https://registry.yarnpkg.com/@liff/is-in-client/-/is-in-client-2.21.4.tgz#c6d91ae5a1ffeb5be0a4670dfd729f43ed3f6f44"
  integrity sha512-betrvBaF+hCSPdfSjGr5e9oROhD3OPz3jMI/TG5WCKQcjVJ1P6L1O+hm2zkBIFWwxv2B7ZsB7y0u+FzKn2wHPA==
  dependencies:
    "@liff/consts" "2.21.4"
    "@liff/util" "2.21.4"

"@liff/is-logged-in@2.21.4":
  version "2.21.4"
  resolved "https://registry.yarnpkg.com/@liff/is-logged-in/-/is-logged-in-2.21.4.tgz#c6fe1362938dff7aacb752bd6480badc2967bddf"
  integrity sha512-KCPTcLIdr7Dyq0047hoZxVtdZyjhLr2BhQl9326dNnoDzkr9xUUX0GoSD/rw5wD2MqTc9p6hsLHfIUXnh+I6zA==
  dependencies:
    "@liff/store" "2.21.4"

"@liff/is-sub-window@2.21.4":
  version "2.21.4"
  resolved "https://registry.yarnpkg.com/@liff/is-sub-window/-/is-sub-window-2.21.4.tgz#b67bdab4aee629dd382ccc01d9b681fd139a0099"
  integrity sha512-hhCPmjQA5IC6h2DtP/VOO9UvXhm67tPp0gU7GwoWsB1jtGo5o+mTiv0SMvcjG8Mo4s6Bb4jxz5cCFP9ItxdjGA==
  dependencies:
    "@liff/consts" "2.21.4"
    "@liff/is-in-client" "2.21.4"
    "@liff/store" "2.21.4"
    "@liff/use" "2.21.4"
    "@liff/util" "2.21.4"

"@liff/liff-types@2.21.4":
  version "2.21.4"
  resolved "https://registry.yarnpkg.com/@liff/liff-types/-/liff-types-2.21.4.tgz#192f48a37ed0313f27d4018584a97b80e5307724"
  integrity sha512-BCtECz0kUPmaVHPK1eXnUgwgC8TEZQzcREKPzKOYhBsdkJUl4FMR84bbJ2he/ZUrtNIg/0Fmv0oisrR/NPjD7w==
  dependencies:
    "@liff/analytics" "2.21.4"
    "@liff/close-window" "2.21.4"
    "@liff/get-friendship" "2.21.4"
    "@liff/get-language" "2.21.4"
    "@liff/get-line-version" "2.21.4"
    "@liff/get-os" "2.21.4"
    "@liff/get-profile" "2.21.4"
    "@liff/get-version" "2.21.4"
    "@liff/i18n" "2.21.4"
    "@liff/init" "2.21.4"
    "@liff/is-api-available" "2.21.4"
    "@liff/is-in-client" "2.21.4"
    "@liff/is-logged-in" "2.21.4"
    "@liff/is-sub-window" "2.21.4"
    "@liff/login" "2.21.4"
    "@liff/logout" "2.21.4"
    "@liff/native-bridge" "2.21.4"
    "@liff/open-window" "2.21.4"
    "@liff/permanent-link" "2.21.4"
    "@liff/permission" "2.21.4"
    "@liff/ready" "2.21.4"
    "@liff/scan-code-v2" "2.21.4"
    "@liff/send-messages" "2.21.4"
    "@liff/share-target-picker" "2.21.4"
    "@liff/store" "2.21.4"
    "@liff/sub-window" "2.21.4"
    "@liff/use" "2.21.4"

"@liff/logger@2.21.4":
  version "2.21.4"
  resolved "https://registry.yarnpkg.com/@liff/logger/-/logger-2.21.4.tgz#eec767b557a5e5964ea9a3f4d57358fda1bcdd6c"
  integrity sha512-3aEiiU/w49+st8sUhi+qL8VHxjz5q5wI6+nRrNm4rgcGBjB/RSdVOm4AtJhpcqE0YION3C9RFhipNjtMFYHgIA==

"@liff/login@2.21.4":
  version "2.21.4"
  resolved "https://registry.yarnpkg.com/@liff/login/-/login-2.21.4.tgz#4d414bbd412806ddfc20f601d34f3ec28647d797"
  integrity sha512-UrKQDSUX8llhBqKDHIovQsX9solgHXg0ufHCaaz9jrA503WzuRd06xWkAF/793IatXJE1SmQ9+WKbDF8HmRBhw==
  dependencies:
    "@liff/consts" "2.21.4"
    "@liff/get-version" "2.21.4"
    "@liff/hooks" "2.21.4"
    "@liff/is-in-client" "2.21.4"
    "@liff/is-sub-window" "2.21.4"
    "@liff/logger" "2.21.4"
    "@liff/server-api" "2.21.4"
    "@liff/store" "2.21.4"
    "@liff/sub-window" "2.21.4"
    "@liff/use" "2.21.4"
    "@liff/util" "2.21.4"
    tiny-sha256 "^1.0.2"

"@liff/logout@2.21.4":
  version "2.21.4"
  resolved "https://registry.yarnpkg.com/@liff/logout/-/logout-2.21.4.tgz#8d57472d3d586168fd8d229ca480e0ec7b8d620b"
  integrity sha512-WWxDOXdGBSvTVdfhPZcyFVM6nGdk5cJ24p8rtECMfdhYk2xq9ArNFhmuTPx52TPuLIGNML5sHkaM2FRWOYCnUQ==
  dependencies:
    "@liff/store" "2.21.4"

"@liff/message-bus@2.21.4":
  version "2.21.4"
  resolved "https://registry.yarnpkg.com/@liff/message-bus/-/message-bus-2.21.4.tgz#17ece83b2bbdf727ae8c42b588a3a5056b602f3d"
  integrity sha512-rmdoTvu8CHupKsiHVD17W5qSoPxpcmoWIE/OtLOySOHfe3BX6uy6rQRYi4JbQXJwrYNby0XCgv9IQvtyDpBTjQ==
  dependencies:
    "@liff/consts" "2.21.4"
    "@liff/store" "2.21.4"
    "@liff/util" "2.21.4"

"@liff/native-bridge@2.21.4":
  version "2.21.4"
  resolved "https://registry.yarnpkg.com/@liff/native-bridge/-/native-bridge-2.21.4.tgz#f04c08987e6bdd5fe1d7f9175478f5fa4c6210a8"
  integrity sha512-J1wC03JC2oQ7CHKonhBJln2E7hXrPHF+f5xTpUiALGLpv7skn/vqwe2Y+jSBJWgKv8h5+jl6SO+okcjE+DuBIQ==
  dependencies:
    "@liff/consts" "2.21.4"
    "@liff/logger" "2.21.4"
    "@liff/store" "2.21.4"
    "@liff/util" "2.21.4"

"@liff/open-window@2.21.4":
  version "2.21.4"
  resolved "https://registry.yarnpkg.com/@liff/open-window/-/open-window-2.21.4.tgz#c2247705b9c3e9c3d38e418468343fa2be954eee"
  integrity sha512-KXHyHBPxeebn+zbSxrjL5/fBPHbnFvcDHz8wRpYyD6gkzCyrom77bpEuCrwCoTN3cq5lHdQE/AXK4SXqPlfSAQ==
  dependencies:
    "@liff/consts" "2.21.4"
    "@liff/get-line-version" "2.21.4"
    "@liff/get-os" "2.21.4"
    "@liff/is-in-client" "2.21.4"
    "@liff/native-bridge" "2.21.4"
    "@liff/util" "2.21.4"

"@liff/permanent-link@2.21.4":
  version "2.21.4"
  resolved "https://registry.yarnpkg.com/@liff/permanent-link/-/permanent-link-2.21.4.tgz#34ddda665aaa0f1dc18c6b37d6741f64e059af1f"
  integrity sha512-milKrhOsOjk1cQ4veS9rE88BoTauDZ9zu+iE/JHT44MyUkajYrWjLnB5EvZa3x6AlbpWpjJDpFymS/p3CF2Qng==
  dependencies:
    "@liff/consts" "2.21.4"
    "@liff/server-api" "2.21.4"
    "@liff/store" "2.21.4"
    "@liff/use" "2.21.4"
    "@liff/util" "2.21.4"

"@liff/permission@2.21.4":
  version "2.21.4"
  resolved "https://registry.yarnpkg.com/@liff/permission/-/permission-2.21.4.tgz#5a98297325d86977d0658c34f4778c8d8754e610"
  integrity sha512-mGU4s0IwTnuiMgEWt3UGE/pOfbsJBdIass6/b5tgRjWnr5vfaRTH+sluhmHuki5krUYnVq/wy7PRN5b/QcoGlg==
  dependencies:
    "@liff/consts" "2.21.4"
    "@liff/is-api-available" "2.21.4"
    "@liff/is-in-client" "2.21.4"
    "@liff/server-api" "2.21.4"
    "@liff/store" "2.21.4"
    "@liff/sub-window" "2.21.4"
    "@liff/use" "2.21.4"
    "@liff/util" "2.21.4"

"@liff/ready@2.21.4":
  version "2.21.4"
  resolved "https://registry.yarnpkg.com/@liff/ready/-/ready-2.21.4.tgz#192be5748e23ab978458901efa9e88ac4174239f"
  integrity sha512-aJLgKMVEsoRVvOIvOgkC+AFbq2EIjyvDvDEiEMYPdm1+gi/yMYG6zY/XEToMd/LxTuNrHNH98PXEiE+vbKY8kQ==

"@liff/scan-code-v2@2.21.4":
  version "2.21.4"
  resolved "https://registry.yarnpkg.com/@liff/scan-code-v2/-/scan-code-v2-2.21.4.tgz#e58a7d970f143d6ec769746e2dcedece2dd90da6"
  integrity sha512-Q2OXagFdtXWPgAchELcr4RPgB2bukvN0cgbXbzxNms51KB5CLaB9GuPG/6B4+rlmymiQF5NKopySjaWDSEZ4kQ==
  dependencies:
    "@liff/consts" "2.21.4"
    "@liff/is-api-available" "2.21.4"
    "@liff/sub-window" "2.21.4"
    "@liff/use" "2.21.4"
    "@liff/util" "2.21.4"

"@liff/scan-code@2.21.4":
  version "2.21.4"
  resolved "https://registry.yarnpkg.com/@liff/scan-code/-/scan-code-2.21.4.tgz#c0c0bee2404854fde66322cebf31f8a97bfb1d83"
  integrity sha512-P52zkgWa1gmgyYAxc2e0ePLfvk7lK3pX2sltYan+4eRsp0WXWOTM84MyQk+YhS3zM6yfGTlO+Ol3yTcPNHmSJg==
  dependencies:
    "@liff/check-availability" "2.21.4"
    "@liff/consts" "2.21.4"
    "@liff/native-bridge" "2.21.4"
    "@liff/util" "2.21.4"

"@liff/send-messages@2.21.4":
  version "2.21.4"
  resolved "https://registry.yarnpkg.com/@liff/send-messages/-/send-messages-2.21.4.tgz#f5b1e55780993a39a8b51be9fbbca99f37ff963c"
  integrity sha512-Mr8cJvx71BbIrF1G/i3FaZx/0IDnQ/Joo7/EY/ICGWX2MY/ElWAJon1llPzSIomuvQVXGpwtBNL5PxGNjxgq6w==
  dependencies:
    "@liff/consts" "2.21.4"
    "@liff/get-line-version" "2.21.4"
    "@liff/get-os" "2.21.4"
    "@liff/server-api" "2.21.4"
    "@liff/util" "2.21.4"
    "@line/bot-sdk" "^7.0.0"

"@liff/server-api@2.21.4":
  version "2.21.4"
  resolved "https://registry.yarnpkg.com/@liff/server-api/-/server-api-2.21.4.tgz#127a617138e811992f80580f1df3670ece9366bf"
  integrity sha512-eX1WRzbhBFwLXzS+GbpfEvxD1zskk8SWmhIZEN1d4P82T5axIAufGFp36an/47l+Ssgz8NWrUMVT6fnSesTIuA==
  dependencies:
    "@liff/consts" "2.21.4"
    "@liff/store" "2.21.4"
    "@liff/util" "2.21.4"

"@liff/share-target-picker@2.21.4":
  version "2.21.4"
  resolved "https://registry.yarnpkg.com/@liff/share-target-picker/-/share-target-picker-2.21.4.tgz#904c83380a0b45aeaa33c700875b24c32295a241"
  integrity sha512-lFMyAjZuJjlOHSPkKBpUqihiYY6gFLVmSvNJKLnnzX//ES78Xn7DIgcN7qmolwqAP2fqwQD6LXrr8KE7iPjSsQ==
  dependencies:
    "@liff/analytics" "2.21.4"
    "@liff/consts" "2.21.4"
    "@liff/get-line-version" "2.21.4"
    "@liff/get-os" "2.21.4"
    "@liff/is-in-client" "2.21.4"
    "@liff/is-logged-in" "2.21.4"
    "@liff/is-sub-window" "2.21.4"
    "@liff/logger" "2.21.4"
    "@liff/send-messages" "2.21.4"
    "@liff/server-api" "2.21.4"
    "@liff/store" "2.21.4"
    "@liff/types" "2.21.4"
    "@liff/use" "2.21.4"
    "@liff/util" "2.21.4"
    "@liff/window-postmessage" "2.21.4"

"@liff/store@2.21.4":
  version "2.21.4"
  resolved "https://registry.yarnpkg.com/@liff/store/-/store-2.21.4.tgz#41e52b851151b663d8d5e317ed3946debf2bfa9c"
  integrity sha512-hBiaYzng2BA91FDs4hAYS8H9fin2AGxe8TLlh4sI0wVrxRQmM/lp5fXHKu4NKxS7jnVay5eJvBgyNmU85Gn4Iw==
  dependencies:
    "@liff/consts" "2.21.4"
    "@liff/is-in-client" "2.21.4"
    "@liff/types" "2.21.4"
    "@liff/util" "2.21.4"

"@liff/sub-window@2.21.4":
  version "2.21.4"
  resolved "https://registry.yarnpkg.com/@liff/sub-window/-/sub-window-2.21.4.tgz#0fd4c2d792e9eada138da61cf78c5788eb187be5"
  integrity sha512-Dfdjrt91SFtY/EkCE66sFp1IStpJtfQ5Jiyw3byTlu9GczAqf9FGDNc5pBwP9TXSFrgDIOnxnHCjKvCkxo0LMg==
  dependencies:
    "@liff/close-window" "2.21.4"
    "@liff/consts" "2.21.4"
    "@liff/get-os" "2.21.4"
    "@liff/is-api-available" "2.21.4"
    "@liff/is-in-client" "2.21.4"
    "@liff/is-sub-window" "2.21.4"
    "@liff/logger" "2.21.4"
    "@liff/message-bus" "2.21.4"
    "@liff/server-api" "2.21.4"
    "@liff/store" "2.21.4"
    "@liff/util" "2.21.4"

"@liff/types@2.21.4":
  version "2.21.4"
  resolved "https://registry.yarnpkg.com/@liff/types/-/types-2.21.4.tgz#b980b9d7e78672e2bf971d8d1ce03544c2b35755"
  integrity sha512-iYip5FSMHn1jVB1jo+tshxNs9ABiH50XIA0swE9v10yJH4NgjptVkk5Aw9MrJbHU5JfkXGpQcgtj04cwU/4TiQ==

"@liff/use@2.21.4":
  version "2.21.4"
  resolved "https://registry.yarnpkg.com/@liff/use/-/use-2.21.4.tgz#09575a828762b580ac8c2343bbc59f64cc09edc0"
  integrity sha512-2CZbTa5aYAAztf+5B7x2dX4abespbx76PRIMrWmgJsEEQi+8kpQM129/owD8CspTSQcZd5yT17rFw84w4oWdqw==
  dependencies:
    "@liff/hooks" "2.21.4"
    "@liff/logger" "2.21.4"

"@liff/util@2.21.4":
  version "2.21.4"
  resolved "https://registry.yarnpkg.com/@liff/util/-/util-2.21.4.tgz#a67cfb49275d86d6a7fff221f2cdc779a441d49d"
  integrity sha512-ktUuEUh6B9ZflYIIwu+9NZv6ABJDGiCjBNEe7ylqfPLDvSznvaGm9K9rsxymylPkdrViLE5E2JsuFqQ2Exmuhg==
  dependencies:
    "@liff/consts" "2.21.4"
    "@liff/logger" "2.21.4"

"@liff/window-postmessage@2.21.4":
  version "2.21.4"
  resolved "https://registry.yarnpkg.com/@liff/window-postmessage/-/window-postmessage-2.21.4.tgz#b7b7361dc2509b45e20365e331ee8f766ea45ac3"
  integrity sha512-2tRwPE39jQ7eFF8ES1nm8WRcYBIQRwmg3EYK+Jc/120bsr2c32TW/2ev7ViVBXA1xQCAZzT0ovlgSSE7fOTOsQ==
  dependencies:
    "@liff/consts" "2.21.4"
    "@liff/logger" "2.21.4"
    "@liff/util" "2.21.4"

"@line/bot-sdk@^7.0.0":
  version "7.2.0"
  resolved "https://registry.yarnpkg.com/@line/bot-sdk/-/bot-sdk-7.2.0.tgz#8962c3f1e4a37fa72184233a9297c8bd7b9768cf"
  integrity sha512-TW9BB1Om1lFWWo3sw9A4kx+9ZTHBjfqIj6NmUY9md+DDR5Z4X98wEeM3l74mkrbZ7naK6AtRgUw5UIaKQgi3nA==
  dependencies:
    "@types/body-parser" "^1.19.0"
    "@types/node" "^14.10.0"
    axios "^0.20.0"
    body-parser "^1.19.0"
    file-type "^15.0.0"
    form-data "^3.0.0"

"@line/liff@2.21.4":
  version "2.21.4"
  resolved "https://registry.yarnpkg.com/@line/liff/-/liff-2.21.4.tgz#c072d29407ef8a4e896ee3b61e41036d4d45b1d9"
  integrity sha512-zDtkmgTDRZe6nl/VGghzxCnrASnAFoVp5+PKQ6ABc/j+2Q0UDjAiKGkkQit2kh1TOtpKf4BN4ynSvQ+5A/IahQ==
  dependencies:
    "@liff/analytics" "2.21.4"
    "@liff/close-window" "2.21.4"
    "@liff/consts" "2.21.4"
    "@liff/extensions" "2.21.4"
    "@liff/get-friendship" "2.21.4"
    "@liff/get-language" "2.21.4"
    "@liff/get-line-version" "2.21.4"
    "@liff/get-os" "2.21.4"
    "@liff/get-profile" "2.21.4"
    "@liff/get-version" "2.21.4"
    "@liff/hooks" "2.21.4"
    "@liff/i18n" "2.21.4"
    "@liff/init" "2.21.4"
    "@liff/is-api-available" "2.21.4"
    "@liff/is-in-client" "2.21.4"
    "@liff/is-logged-in" "2.21.4"
    "@liff/is-sub-window" "2.21.4"
    "@liff/liff-types" "2.21.4"
    "@liff/login" "2.21.4"
    "@liff/logout" "2.21.4"
    "@liff/native-bridge" "2.21.4"
    "@liff/open-window" "2.21.4"
    "@liff/permanent-link" "2.21.4"
    "@liff/permission" "2.21.4"
    "@liff/ready" "2.21.4"
    "@liff/scan-code-v2" "2.21.4"
    "@liff/send-messages" "2.21.4"
    "@liff/server-api" "2.21.4"
    "@liff/share-target-picker" "2.21.4"
    "@liff/store" "2.21.4"
    "@liff/sub-window" "2.21.4"
    "@liff/use" "2.21.4"
    "@liff/util" "2.21.4"
    promise-polyfill "^8.1.3"
    tslib "^2.3.0"
    whatwg-fetch "^3.0.0"

"@next/env@13.0.6":
  version "13.0.6"
  resolved "https://registry.yarnpkg.com/@next/env/-/env-13.0.6.tgz#3fcab11ffbe95bff127827d9f7f3139bc5e6adff"
  integrity sha512-yceT6DCHKqPRS1cAm8DHvDvK74DLIkDQdm5iV+GnIts8h0QbdHvkUIkdOvQoOODgpr6018skbmSQp12z5OWIQQ==

"@next/swc-android-arm-eabi@13.0.6":
  version "13.0.6"
  resolved "https://registry.yarnpkg.com/@next/swc-android-arm-eabi/-/swc-android-arm-eabi-13.0.6.tgz#c971e5a3f8aae875ac1d9fdb159b7e126d8d98d5"
  integrity sha512-FGFSj3v2Bluw8fD/X+1eXIEB0PhoJE0zfutsAauRhmNpjjZshLDgoXMWm1jTRL/04K/o9gwwO2+A8+sPVCH1uw==

"@next/swc-android-arm64@13.0.6":
  version "13.0.6"
  resolved "https://registry.yarnpkg.com/@next/swc-android-arm64/-/swc-android-arm64-13.0.6.tgz#ecacae60f1410136cc31f9e1e09e78e624ca2d68"
  integrity sha512-7MgbtU7kimxuovVsd7jSJWMkIHBDBUsNLmmlkrBRHTvgzx5nDBXogP0hzZm7EImdOPwVMPpUHRQMBP9mbsiJYQ==

"@next/swc-darwin-arm64@13.0.6":
  version "13.0.6"
  resolved "https://registry.yarnpkg.com/@next/swc-darwin-arm64/-/swc-darwin-arm64-13.0.6.tgz#266e9e0908024760eba0dfce17edc90ffcba5fdc"
  integrity sha512-AUVEpVTxbP/fxdFsjVI9d5a0CFn6NVV7A/RXOb0Y+pXKIIZ1V5rFjPwpYfIfyOo2lrqgehMNQcyMRoTrhq04xg==

"@next/swc-darwin-x64@13.0.6":
  version "13.0.6"
  resolved "https://registry.yarnpkg.com/@next/swc-darwin-x64/-/swc-darwin-x64-13.0.6.tgz#4be4ca7bc37f9c93d2e38be5ff313873ad758c09"
  integrity sha512-SasCDJlshglsPnbzhWaIF6VEGkQy2NECcAOxPwaPr0cwbbt4aUlZ7QmskNzgolr5eAjFS/xTr7CEeKJtZpAAtQ==

"@next/swc-freebsd-x64@13.0.6":
  version "13.0.6"
  resolved "https://registry.yarnpkg.com/@next/swc-freebsd-x64/-/swc-freebsd-x64-13.0.6.tgz#42eb9043ee65ea5927ba550f4b59827d7064c47b"
  integrity sha512-6Lbxd9gAdXneTkwHyYW/qtX1Tdw7ND9UbiGsGz/SP43ZInNWnW6q0au4hEVPZ9bOWWRKzcVoeTBdoMpQk9Hx9w==

"@next/swc-linux-arm-gnueabihf@13.0.6":
  version "13.0.6"
  resolved "https://registry.yarnpkg.com/@next/swc-linux-arm-gnueabihf/-/swc-linux-arm-gnueabihf-13.0.6.tgz#aab663282b5f15d12bf9de1120175f438a44c924"
  integrity sha512-wNdi5A519e1P+ozEuYOhWPzzE6m1y7mkO6NFwn6watUwO0X9nZs7fT9THmnekvmFQpaZ6U+xf2MQ9poQoCh6jQ==

"@next/swc-linux-arm64-gnu@13.0.6":
  version "13.0.6"
  resolved "https://registry.yarnpkg.com/@next/swc-linux-arm64-gnu/-/swc-linux-arm64-gnu-13.0.6.tgz#5e2b6df4636576a00befb7bd414820a12161a9af"
  integrity sha512-e8KTRnleQY1KLk5PwGV5hrmvKksCc74QRpHl5ffWnEEAtL2FE0ave5aIkXqErsPdXkiKuA/owp3LjQrP+/AH7Q==

"@next/swc-linux-arm64-musl@13.0.6":
  version "13.0.6"
  resolved "https://registry.yarnpkg.com/@next/swc-linux-arm64-musl/-/swc-linux-arm64-musl-13.0.6.tgz#4a5e91a36cf140cad974df602d647e64b1b9473f"
  integrity sha512-/7RF03C3mhjYpHN+pqOolgME3guiHU5T3TsejuyteqyEyzdEyLHod+jcYH6ft7UZ71a6TdOewvmbLOtzHW2O8A==

"@next/swc-linux-x64-gnu@13.0.6":
  version "13.0.6"
  resolved "https://registry.yarnpkg.com/@next/swc-linux-x64-gnu/-/swc-linux-x64-gnu-13.0.6.tgz#accb8a721a99e704565b936f16e96fa0c67e8db1"
  integrity sha512-kxyEXnYHpOEkFnmrlwB1QlzJtjC6sAJytKcceIyFUHbCaD3W/Qb5tnclcnHKTaFccizZRePXvV25Ok/eUSpKTw==

"@next/swc-linux-x64-musl@13.0.6":
  version "13.0.6"
  resolved "https://registry.yarnpkg.com/@next/swc-linux-x64-musl/-/swc-linux-x64-musl-13.0.6.tgz#2affaa2f4f01bc190a539d895118a6ad1a477645"
  integrity sha512-N0c6gubS3WW1oYYgo02xzZnNatfVQP/CiJq2ax+DJ55ePV62IACbRCU99TZNXXg+Kos6vNW4k+/qgvkvpGDeyA==

"@next/swc-win32-arm64-msvc@13.0.6":
  version "13.0.6"
  resolved "https://registry.yarnpkg.com/@next/swc-win32-arm64-msvc/-/swc-win32-arm64-msvc-13.0.6.tgz#28e5c042772865efd05197a8d1db5920156997fc"
  integrity sha512-QjeMB2EBqBFPb/ac0CYr7GytbhUkrG4EwFWbcE0vsRp4H8grt25kYpFQckL4Jak3SUrp7vKfDwZ/SwO7QdO8vw==

"@next/swc-win32-ia32-msvc@13.0.6":
  version "13.0.6"
  resolved "https://registry.yarnpkg.com/@next/swc-win32-ia32-msvc/-/swc-win32-ia32-msvc-13.0.6.tgz#30d91a6d847fa8bce9f8a0f9d2b469d574270be5"
  integrity sha512-EQzXtdqRTcmhT/tCq81rIwE36Y3fNHPInaCuJzM/kftdXfa0F+64y7FAoMO13npX8EG1+SamXgp/emSusKrCXg==

"@next/swc-win32-x64-msvc@13.0.6":
  version "13.0.6"
  resolved "https://registry.yarnpkg.com/@next/swc-win32-x64-msvc/-/swc-win32-x64-msvc-13.0.6.tgz#dfa28ddb335c16233d22cf39ec8cdf723e6587a1"
  integrity sha512-pSkqZ//UP/f2sS9T7IvHLfEWDPTX0vRyXJnAUNisKvO3eF3e1xdhDX7dix/X3Z3lnN4UjSwOzclAI87JFbOwmQ==

"@swc/helpers@0.4.14":
  version "0.4.14"
  resolved "https://registry.yarnpkg.com/@swc/helpers/-/helpers-0.4.14.tgz#1352ac6d95e3617ccb7c1498ff019654f1e12a74"
  integrity sha512-4C7nX/dvpzB7za4Ql9K81xK3HPxCpHMgwTZVyf+9JQ6VUbn9jjZVN7/Nkdz/Ugzs2CSjqnL/UPXroiVBVHUWUw==
  dependencies:
    tslib "^2.4.0"

"@tokenizer/token@^0.1.1":
  version "0.1.1"
  resolved "https://registry.yarnpkg.com/@tokenizer/token/-/token-0.1.1.tgz#f0d92c12f87079ddfd1b29f614758b9696bc29e3"
  integrity sha512-XO6INPbZCxdprl+9qa/AAbFFOMzzwqYxpjPgLICrMD6C2FCw6qfJOPcBk6JqqPLSaZ/Qx87qn4rpPmPMwaAK6w==

"@types/body-parser@^1.19.0":
  version "1.19.0"
  resolved "https://registry.yarnpkg.com/@types/body-parser/-/body-parser-1.19.0.tgz#0685b3c47eb3006ffed117cdd55164b61f80538f"
  integrity sha512-W98JrE0j2K78swW4ukqMleo8R7h/pFETjM2DQ90MF6XK2i4LO4W3gQ71Lt4w3bfm2EvVSyWHplECvB5sK22yFQ==
  dependencies:
    "@types/connect" "*"
    "@types/node" "*"

"@types/connect@*":
  version "3.4.34"
  resolved "https://registry.yarnpkg.com/@types/connect/-/connect-3.4.34.tgz#170a40223a6d666006d93ca128af2beb1d9b1901"
  integrity sha512-ePPA/JuI+X0vb+gSWlPKOY0NdNAie/rPUqX2GUPpbZwiKTkSPhjXWuee47E4MtE54QVzGCQMQkAL6JhV2E1+cQ==
  dependencies:
    "@types/node" "*"

"@types/debug@^4.1.5":
  version "4.1.5"
  resolved "https://registry.yarnpkg.com/@types/debug/-/debug-4.1.5.tgz#b14efa8852b7768d898906613c23f688713e02cd"
  integrity sha512-Q1y515GcOdTHgagaVFhHnIFQ38ygs/kmxdNpvpou+raI9UO3YZcHDngBSYKQklcKlvA7iuQlmIKbzvmxcOE9CQ==

"@types/node@*", "@types/node@^14.10.0":
  version "14.14.35"
  resolved "https://registry.yarnpkg.com/@types/node/-/node-14.14.35.tgz#42c953a4e2b18ab931f72477e7012172f4ffa313"
  integrity sha512-Lt+wj8NVPx0zUmUwumiVXapmaLUcAk3yPuHCFVXras9k5VT9TdhJqKqGVUQCD60OTMCl0qxJ57OiTL0Mic3Iag==

asynckit@^0.4.0:
  version "0.4.0"
  resolved "https://registry.yarnpkg.com/asynckit/-/asynckit-0.4.0.tgz#c79ed97f7f34cb8f2ba1bc9790bcc366474b4b79"
  integrity sha1-x57Zf380y48robyXkLzDZkdLS3k=

axios@^0.20.0:
  version "0.20.0"
  resolved "https://registry.yarnpkg.com/axios/-/axios-0.20.0.tgz#057ba30f04884694993a8cd07fa394cff11c50bd"
  integrity sha512-ANA4rr2BDcmmAQLOKft2fufrtuvlqR+cXNNinUmvfeSNCOF98PZL+7M/v1zIdGo7OLjEA9J2gXJL+j4zGsl0bA==
  dependencies:
    follow-redirects "^1.10.0"

body-parser@^1.19.0:
  version "1.19.0"
  resolved "https://registry.yarnpkg.com/body-parser/-/body-parser-1.19.0.tgz#96b2709e57c9c4e09a6fd66a8fd979844f69f08a"
  integrity sha512-dhEPs72UPbDnAQJ9ZKMNTP6ptJaionhP5cBb541nXPlW60Jepo9RV/a4fX4XWW9CuFNK22krhrj1+rgzifNCsw==
  dependencies:
    bytes "3.1.0"
    content-type "~1.0.4"
    debug "2.6.9"
    depd "~1.1.2"
    http-errors "1.7.2"
    iconv-lite "0.4.24"
    on-finished "~2.3.0"
    qs "6.7.0"
    raw-body "2.4.0"
    type-is "~1.6.17"

bytes@3.1.0:
  version "3.1.0"
  resolved "https://registry.yarnpkg.com/bytes/-/bytes-3.1.0.tgz#f6cf7933a360e0588fa9fde85651cdc7f805d1f6"
  integrity sha512-zauLjrfCG+xvoyaqLoV8bLVXXNGC4JqlxFCutSDWA6fJrTo2ZuvLYTqZ7aHBLZSMOopbzwv8f+wZcVzfVTI2Dg==

caniuse-lite@^1.0.30001406:
  version "1.0.30001439"
  resolved "https://registry.yarnpkg.com/caniuse-lite/-/caniuse-lite-1.0.30001439.tgz#ab7371faeb4adff4b74dad1718a6fd122e45d9cb"
  integrity sha512-1MgUzEkoMO6gKfXflStpYgZDlFM7M/ck/bgfVCACO5vnAf0fXoNVHdWtqGU+MYca+4bL9Z5bpOVmR33cWW9G2A==

client-only@0.0.1:
  version "0.0.1"
  resolved "https://registry.yarnpkg.com/client-only/-/client-only-0.0.1.tgz#38bba5d403c41ab150bff64a95c85013cf73bca1"
  integrity sha512-IV3Ou0jSMzZrd3pZ48nLkT9DA7Ag1pnPzaiQhpW7c3RbcqqzvzzVu+L8gfqMp/8IM2MQtSiqaCxrrcfu8I8rMA==

combined-stream@^1.0.8:
  version "1.0.8"
  resolved "https://registry.yarnpkg.com/combined-stream/-/combined-stream-1.0.8.tgz#c3d45a8b34fd730631a110a8a2520682b31d5a7f"
  integrity sha512-FQN4MRfuJeHf7cBbBMJFXhKSDq+2kAArBlmRBvcvFE5BB1HZKXtSFASDhdlz9zOYwxh8lDdnvmMOe/+5cdoEdg==
  dependencies:
    delayed-stream "~1.0.0"

content-type@~1.0.4:
  version "1.0.4"
  resolved "https://registry.yarnpkg.com/content-type/-/content-type-1.0.4.tgz#e138cc75e040c727b1966fe5e5f8c9aee256fe3b"
  integrity sha512-hIP3EEPs8tB9AT1L+NUqtwOAps4mk2Zob89MWXMHjHWg9milF/j4osnnQLXBCBFBk/tvIG/tUc9mOUJiPBhPXA==

debug@2.6.9:
  version "2.6.9"
  resolved "https://registry.yarnpkg.com/debug/-/debug-2.6.9.tgz#5d128515df134ff327e90a4c93f4e077a536341f"
  integrity sha512-bC7ElrdJaJnPbAP+1EotYvqZsb3ecl5wi6Bfi6BJTUcNowp6cvspg0jXznRTKDjm/E7AdgFBVeAPVMNcKGsHMA==
  dependencies:
    ms "2.0.0"

delayed-stream@~1.0.0:
  version "1.0.0"
  resolved "https://registry.yarnpkg.com/delayed-stream/-/delayed-stream-1.0.0.tgz#df3ae199acadfb7d440aaae0b29e2272b24ec619"
  integrity sha1-3zrhmayt+31ECqrgsp4icrJOxhk=

depd@~1.1.2:
  version "1.1.2"
  resolved "https://registry.yarnpkg.com/depd/-/depd-1.1.2.tgz#9bcd52e14c097763e749b274c4346ed2e560b5a9"
  integrity sha1-m81S4UwJd2PnSbJ0xDRu0uVgtak=

ee-first@1.1.1:
  version "1.1.1"
  resolved "https://registry.yarnpkg.com/ee-first/-/ee-first-1.1.1.tgz#590c61156b0ae2f4f0255732a158b266bc56b21d"
  integrity sha1-WQxhFWsK4vTwJVcyoViyZrxWsh0=

file-type@^15.0.0:
  version "15.0.1"
  resolved "https://registry.yarnpkg.com/file-type/-/file-type-15.0.1.tgz#54175484953d48b970c095ba8737d4e0c3a9b407"
  integrity sha512-0LieQlSA3bWUdErNrxzxfI4rhsvNAVPBO06R8pTc1hp9SE6nhqlVyvhcaXoMmtXkBTPnQenbMPLW9X76hH76oQ==
  dependencies:
    readable-web-to-node-stream "^2.0.0"
    strtok3 "^6.0.3"
    token-types "^2.0.0"
    typedarray-to-buffer "^3.1.5"

follow-redirects@^1.10.0:
  version "1.13.3"
  resolved "https://registry.yarnpkg.com/follow-redirects/-/follow-redirects-1.13.3.tgz#e5598ad50174c1bc4e872301e82ac2cd97f90267"
  integrity sha512-DUgl6+HDzB0iEptNQEXLx/KhTmDb8tZUHSeLqpnjpknR70H0nC2t9N73BK6fN4hOvJ84pKlIQVQ4k5FFlBedKA==

form-data@^3.0.0:
  version "3.0.1"
  resolved "https://registry.yarnpkg.com/form-data/-/form-data-3.0.1.tgz#ebd53791b78356a99af9a300d4282c4d5eb9755f"
  integrity sha512-RHkBKtLWUVwd7SqRIvCZMEvAMoGUp0XU+seQiZejj0COz3RI3hWP4sCv3gZWWLjJTd7rGwcsF5eKZGii0r/hbg==
  dependencies:
    asynckit "^0.4.0"
    combined-stream "^1.0.8"
    mime-types "^2.1.12"

http-errors@1.7.2:
  version "1.7.2"
  resolved "https://registry.yarnpkg.com/http-errors/-/http-errors-1.7.2.tgz#4f5029cf13239f31036e5b2e55292bcfbcc85c8f"
  integrity sha512-uUQBt3H/cSIVfch6i1EuPNy/YsRSOUBXTVfZ+yR7Zjez3qjBz6i9+i4zjNaoqcoFVI4lQJ5plg63TvGfRSDCRg==
  dependencies:
    depd "~1.1.2"
    inherits "2.0.3"
    setprototypeof "1.1.1"
    statuses ">= 1.5.0 < 2"
    toidentifier "1.0.0"

iconv-lite@0.4.24:
  version "0.4.24"
  resolved "https://registry.yarnpkg.com/iconv-lite/-/iconv-lite-0.4.24.tgz#2022b4b25fbddc21d2f524974a474aafe733908b"
  integrity sha512-v3MXnZAcvnywkTUEZomIActle7RXXeedOR31wwl7VlyoXO4Qi9arvSenNQWne1TcRwhCL1HwLI21bEqdpj8/rA==
  dependencies:
    safer-buffer ">= 2.1.2 < 3"

ieee754@^1.2.1:
  version "1.2.1"
  resolved "https://registry.yarnpkg.com/ieee754/-/ieee754-1.2.1.tgz#8eb7a10a63fff25d15a57b001586d177d1b0d352"
  integrity sha512-dcyqhDvX1C46lXZcVqCpK+FtMRQVdIMN6/Df5js2zouUsqG7I6sFxitIC+7KYK29KdXOLHdu9zL4sFnoVQnqaA==

inherits@2.0.3:
  version "2.0.3"
  resolved "https://registry.yarnpkg.com/inherits/-/inherits-2.0.3.tgz#633c2c83e3da42a502f52466022480f4208261de"
  integrity sha1-Yzwsg+PaQqUC9SRmAiSA9CCCYd4=

is-typedarray@^1.0.0:
  version "1.0.0"
  resolved "https://registry.yarnpkg.com/is-typedarray/-/is-typedarray-1.0.0.tgz#e479c80858df0c1b11ddda6940f96011fcda4a9a"
  integrity sha1-5HnICFjfDBsR3dppQPlgEfzaSpo=

"js-tokens@^3.0.0 || ^4.0.0":
  version "4.0.0"
  resolved "https://registry.yarnpkg.com/js-tokens/-/js-tokens-4.0.0.tgz#19203fb59991df98e3a287050d4647cdeaf32499"
  integrity sha512-RdJUflcE3cUzKiMqQgsCu06FPu9UdIJO0beYbPhHN4k6apgJtifcoCtT9bcxOpYBtpD2kCM6Sbzg4CausW/PKQ==

loose-envify@^1.1.0:
  version "1.4.0"
  resolved "https://registry.yarnpkg.com/loose-envify/-/loose-envify-1.4.0.tgz#71ee51fa7be4caec1a63839f7e682d8132d30caf"
  integrity sha512-lyuxPGr/Wfhrlem2CL/UcnUc1zcqKAImBDzukY7Y5F/yQiNdko6+fRLevlw1HgMySw7f611UIY408EtxRSoK3Q==
  dependencies:
    js-tokens "^3.0.0 || ^4.0.0"

media-typer@0.3.0:
  version "0.3.0"
  resolved "https://registry.yarnpkg.com/media-typer/-/media-typer-0.3.0.tgz#8710d7af0aa626f8fffa1ce00168545263255748"
  integrity sha1-hxDXrwqmJvj/+hzgAWhUUmMlV0g=

mime-db@1.46.0:
  version "1.46.0"
  resolved "https://registry.yarnpkg.com/mime-db/-/mime-db-1.46.0.tgz#6267748a7f799594de3cbc8cde91def349661cee"
  integrity sha512-svXaP8UQRZ5K7or+ZmfNhg2xX3yKDMUzqadsSqi4NCH/KomcH75MAMYAGVlvXn4+b/xOPhS3I2uHKRUzvjY7BQ==

mime-types@^2.1.12, mime-types@~2.1.24:
  version "2.1.29"
  resolved "https://registry.yarnpkg.com/mime-types/-/mime-types-2.1.29.tgz#1d4ab77da64b91f5f72489df29236563754bb1b2"
  integrity sha512-Y/jMt/S5sR9OaqteJtslsFZKWOIIqMACsJSiHghlCAyhf7jfVYjKBmLiX8OgpWeW+fjJ2b+Az69aPFPkUOY6xQ==
  dependencies:
    mime-db "1.46.0"

ms@2.0.0:
  version "2.0.0"
  resolved "https://registry.yarnpkg.com/ms/-/ms-2.0.0.tgz#5608aeadfc00be6c2901df5f9861788de0d597c8"
  integrity sha1-VgiurfwAvmwpAd9fmGF4jeDVl8g=

nanoid@^3.3.4:
  version "3.3.4"
  resolved "https://registry.yarnpkg.com/nanoid/-/nanoid-3.3.4.tgz#730b67e3cd09e2deacf03c027c81c9d9dbc5e8ab"
  integrity sha512-MqBkQh/OHTS2egovRtLk45wEyNXwF+cokD+1YPf9u5VfJiRdAiRwB2froX5Co9Rh20xs4siNPm8naNotSD6RBw==

next@13.0.6:
  version "13.0.6"
  resolved "https://registry.yarnpkg.com/next/-/next-13.0.6.tgz#f9a2e9e2df9ad60e1b6b716488c9ad501a383621"
  integrity sha512-COvigvms2LRt1rrzfBQcMQ2GZd86Mvk1z+LOLY5pniFtL4VrTmhZ9salrbKfSiXbhsD01TrDdD68ec3ABDyscA==
  dependencies:
    "@next/env" "13.0.6"
    "@swc/helpers" "0.4.14"
    caniuse-lite "^1.0.30001406"
    postcss "8.4.14"
    styled-jsx "5.1.0"
  optionalDependencies:
    "@next/swc-android-arm-eabi" "13.0.6"
    "@next/swc-android-arm64" "13.0.6"
    "@next/swc-darwin-arm64" "13.0.6"
    "@next/swc-darwin-x64" "13.0.6"
    "@next/swc-freebsd-x64" "13.0.6"
    "@next/swc-linux-arm-gnueabihf" "13.0.6"
    "@next/swc-linux-arm64-gnu" "13.0.6"
    "@next/swc-linux-arm64-musl" "13.0.6"
    "@next/swc-linux-x64-gnu" "13.0.6"
    "@next/swc-linux-x64-musl" "13.0.6"
    "@next/swc-win32-arm64-msvc" "13.0.6"
    "@next/swc-win32-ia32-msvc" "13.0.6"
    "@next/swc-win32-x64-msvc" "13.0.6"

on-finished@~2.3.0:
  version "2.3.0"
  resolved "https://registry.yarnpkg.com/on-finished/-/on-finished-2.3.0.tgz#20f1336481b083cd75337992a16971aa2d906947"
  integrity sha1-IPEzZIGwg811M3mSoWlxqi2QaUc=
  dependencies:
    ee-first "1.1.1"

peek-readable@^3.1.3:
  version "3.1.3"
  resolved "https://registry.yarnpkg.com/peek-readable/-/peek-readable-3.1.3.tgz#932480d46cf6aa553c46c68566c4fb69a82cd2b1"
  integrity sha512-mpAcysyRJxmICBcBa5IXH7SZPvWkcghm6Fk8RekoS3v+BpbSzlZzuWbMx+GXrlUwESi9qHar4nVEZNMKylIHvg==

picocolors@^1.0.0:
  version "1.0.0"
  resolved "https://registry.yarnpkg.com/picocolors/-/picocolors-1.0.0.tgz#cb5bdc74ff3f51892236eaf79d68bc44564ab81c"
  integrity sha512-1fygroTLlHu66zi26VoTDv8yRgm0Fccecssto+MhsZ0D/DGW2sm8E8AjW7NU5VVTRt5GxbeZ5qBuJr+HyLYkjQ==

postcss@8.4.14:
  version "8.4.14"
  resolved "https://registry.yarnpkg.com/postcss/-/postcss-8.4.14.tgz#ee9274d5622b4858c1007a74d76e42e56fd21caf"
  integrity sha512-E398TUmfAYFPBSdzgeieK2Y1+1cpdxJx8yXbK/m57nRhKSmk1GB2tO4lbLBtlkfPQTDKfe4Xqv1ASWPpayPEig==
  dependencies:
    nanoid "^3.3.4"
    picocolors "^1.0.0"
    source-map-js "^1.0.2"

promise-polyfill@^8.1.3:
  version "8.2.0"
  resolved "https://registry.yarnpkg.com/promise-polyfill/-/promise-polyfill-8.2.0.tgz#367394726da7561457aba2133c9ceefbd6267da0"
  integrity sha512-k/TC0mIcPVF6yHhUvwAp7cvL6I2fFV7TzF1DuGPI8mBh4QQazf36xCKEHKTZKRysEoTQoQdKyP25J8MPJp7j5g==

qs@6.7.0:
  version "6.7.0"
  resolved "https://registry.yarnpkg.com/qs/-/qs-6.7.0.tgz#41dc1a015e3d581f1621776be31afb2876a9b1bc"
  integrity sha512-VCdBRNFTX1fyE7Nb6FYoURo/SPe62QCaAyzJvUjwRaIsc+NePBEniHlvxFmmX56+HZphIGtV0XeCirBtpDrTyQ==

raw-body@2.4.0:
  version "2.4.0"
  resolved "https://registry.yarnpkg.com/raw-body/-/raw-body-2.4.0.tgz#a1ce6fb9c9bc356ca52e89256ab59059e13d0332"
  integrity sha512-4Oz8DUIwdvoa5qMJelxipzi/iJIi40O5cGV1wNYp5hvZP8ZN0T+jiNkL0QepXs+EsQ9XJ8ipEDoiH70ySUJP3Q==
  dependencies:
    bytes "3.1.0"
    http-errors "1.7.2"
    iconv-lite "0.4.24"
    unpipe "1.0.0"

react-dom@18.2.0:
  version "18.2.0"
  resolved "https://registry.yarnpkg.com/react-dom/-/react-dom-18.2.0.tgz#22aaf38708db2674ed9ada224ca4aa708d821e3d"
  integrity sha512-6IMTriUmvsjHUjNtEDudZfuDQUoWXVxKHhlEGSk81n4YFS+r/Kl99wXiwlVXtPBtJenozv2P+hxDsw9eA7Xo6g==
  dependencies:
    loose-envify "^1.1.0"
    scheduler "^0.23.0"

react@18.2.0:
  version "18.2.0"
  resolved "https://registry.yarnpkg.com/react/-/react-18.2.0.tgz#555bd98592883255fa00de14f1151a917b5d77d5"
  integrity sha512-/3IjMdb2L9QbBdWiW5e3P2/npwMBaU9mHCSCUzNln0ZCYbcfTsGbTJrU/kGemdH2IWmB2ioZ+zkxtmq6g09fGQ==
  dependencies:
    loose-envify "^1.1.0"

readable-web-to-node-stream@^2.0.0:
  version "2.0.0"
  resolved "https://registry.yarnpkg.com/readable-web-to-node-stream/-/readable-web-to-node-stream-2.0.0.tgz#751e632f466552ac0d5c440cc01470352f93c4b7"
  integrity sha512-+oZJurc4hXpaaqsN68GoZGQAQIA3qr09Or4fqEsargABnbe5Aau8hFn6ISVleT3cpY/0n/8drn7huyyEvTbghA==

"safer-buffer@>= 2.1.2 < 3":
  version "2.1.2"
  resolved "https://registry.yarnpkg.com/safer-buffer/-/safer-buffer-2.1.2.tgz#44fa161b0187b9549dd84bb91802f9bd8385cd6a"
  integrity sha512-YZo3K82SD7Riyi0E1EQPojLz7kpepnSQI9IyPbHHg1XXXevb5dJI7tpyN2ADxGcQbHG7vcyRHk0cbwqcQriUtg==

scheduler@^0.23.0:
  version "0.23.0"
  resolved "https://registry.yarnpkg.com/scheduler/-/scheduler-0.23.0.tgz#ba8041afc3d30eb206a487b6b384002e4e61fdfe"
  integrity sha512-CtuThmgHNg7zIZWAXi3AsyIzA3n4xx7aNyjwC2VJldO2LMVDhFK+63xGqq6CsJH4rTAt6/M+N4GhZiDYPx9eUw==
  dependencies:
    loose-envify "^1.1.0"

setprototypeof@1.1.1:
  version "1.1.1"
  resolved "https://registry.yarnpkg.com/setprototypeof/-/setprototypeof-1.1.1.tgz#7e95acb24aa92f5885e0abef5ba131330d4ae683"
  integrity sha512-JvdAWfbXeIGaZ9cILp38HntZSFSo3mWg6xGcJJsd+d4aRMOqauag1C63dJfDw7OaMYwEbHMOxEZ1lqVRYP2OAw==

source-map-js@^1.0.2:
  version "1.0.2"
  resolved "https://registry.yarnpkg.com/source-map-js/-/source-map-js-1.0.2.tgz#adbc361d9c62df380125e7f161f71c826f1e490c"
  integrity sha512-R0XvVJ9WusLiqTCEiGCmICCMplcCkIwwR11mOSD9CR5u+IXYdiseeEuXCVAjS54zqwkLcPNnmU4OeJ6tUrWhDw==

"statuses@>= 1.5.0 < 2":
  version "1.5.0"
  resolved "https://registry.yarnpkg.com/statuses/-/statuses-1.5.0.tgz#161c7dac177659fd9811f43771fa99381478628c"
  integrity sha1-Fhx9rBd2Wf2YEfQ3cfqZOBR4Yow=

strtok3@^6.0.3:
  version "6.0.8"
  resolved "https://registry.yarnpkg.com/strtok3/-/strtok3-6.0.8.tgz#c839157f615c10ba0f4ae35067dad9959eeca346"
  integrity sha512-QLgv+oiXwXgCgp2PdPPa+Jpp4D9imK9e/0BsyfeFMr6QL6wMVqoVn9+OXQ9I7MZbmUzN6lmitTJ09uwS2OmGcw==
  dependencies:
    "@tokenizer/token" "^0.1.1"
    "@types/debug" "^4.1.5"
    peek-readable "^3.1.3"

styled-jsx@5.1.0:
  version "5.1.0"
  resolved "https://registry.yarnpkg.com/styled-jsx/-/styled-jsx-5.1.0.tgz#4a5622ab9714bd3fcfaeec292aa555871f057563"
  integrity sha512-/iHaRJt9U7T+5tp6TRelLnqBqiaIT0HsO0+vgyj8hK2KUk7aejFqRrumqPUlAqDwAj8IbS/1hk3IhBAAK/FCUQ==
  dependencies:
    client-only "0.0.1"

tiny-sha256@^1.0.2:
  version "1.0.2"
  resolved "https://registry.yarnpkg.com/tiny-sha256/-/tiny-sha256-1.0.2.tgz#3b20a75f77097dcec1af513f5189c26ec2f54992"
  integrity sha1-OyCnX3cJfc7Br1E/UYnCbsL1SZI=

toidentifier@1.0.0:
  version "1.0.0"
  resolved "https://registry.yarnpkg.com/toidentifier/-/toidentifier-1.0.0.tgz#7e1be3470f1e77948bc43d94a3c8f4d7752ba553"
  integrity sha512-yaOH/Pk/VEhBWWTlhI+qXxDFXlejDGcQipMlyxda9nthulaxLZUNcUqFxokp0vcYnvteJln5FNQDRrxj3YcbVw==

token-types@^2.0.0:
  version "2.1.1"
  resolved "https://registry.yarnpkg.com/token-types/-/token-types-2.1.1.tgz#bd585d64902aaf720b8979d257b4b850b4d45c45"
  integrity sha512-wnQcqlreS6VjthyHO3Y/kpK/emflxDBNhlNUPfh7wE39KnuDdOituXomIbyI79vBtF0Ninpkh72mcuRHo+RG3Q==
  dependencies:
    "@tokenizer/token" "^0.1.1"
    ieee754 "^1.2.1"

tslib@^2.3.0, tslib@^2.4.0:
  version "2.4.1"
  resolved "https://registry.yarnpkg.com/tslib/-/tslib-2.4.1.tgz#0d0bfbaac2880b91e22df0768e55be9753a5b17e"
  integrity sha512-tGyy4dAjRIEwI7BzsB0lynWgOpfqjUdq91XXAlIWD2OwKBH7oCl/GZG/HT4BOHrTlPMOASlMQ7veyTqpmRcrNA==

type-is@~1.6.17:
  version "1.6.18"
  resolved "https://registry.yarnpkg.com/type-is/-/type-is-1.6.18.tgz#4e552cd05df09467dcbc4ef739de89f2cf37c131"
  integrity sha512-TkRKr9sUTxEH8MdfuCSP7VizJyzRNMjj2J2do2Jr3Kym598JVdEksuzPQCnlFPW4ky9Q+iA+ma9BGm06XQBy8g==
  dependencies:
    media-typer "0.3.0"
    mime-types "~2.1.24"

typedarray-to-buffer@^3.1.5:
  version "3.1.5"
  resolved "https://registry.yarnpkg.com/typedarray-to-buffer/-/typedarray-to-buffer-3.1.5.tgz#a97ee7a9ff42691b9f783ff1bc5112fe3fca9080"
  integrity sha512-zdu8XMNEDepKKR+XYOXAVPtWui0ly0NtohUscw+UmaHiAWT8hrV1rr//H6V+0DvJ3OQ19S979M0laLfX8rm82Q==
  dependencies:
    is-typedarray "^1.0.0"

unpipe@1.0.0:
  version "1.0.0"
  resolved "https://registry.yarnpkg.com/unpipe/-/unpipe-1.0.0.tgz#b2bf4ee8514aae6165b4817829d21b2ef49904ec"
  integrity sha1-sr9O6FFKrmFltIF4KdIbLvSZBOw=

whatwg-fetch@^3.0.0:
  version "3.6.2"
  resolved "https://registry.yarnpkg.com/whatwg-fetch/-/whatwg-fetch-3.6.2.tgz#dced24f37f2624ed0281725d51d0e2e3fe677f8c"
  integrity sha512-bJlen0FcuU/0EMLrdbJ7zOnW6ITZLrZMIarMUVmdKtsGvZna8vxKYaexICWPfZ8qwf9fzNq+UEIZrnSaApt6RA==
